// !$*UTF8*$!
{
	archiveVersion = 1;
	classes = {
	};
	objectVersion = 55;
	objects = {

/* Begin PBXBuildFile section */
		111191E52831394B006A30B5 /* PieViewController.swift in Sources */ = {isa = PBXBuildFile; fileRef = 111191E42831394B006A30B5 /* PieViewController.swift */; };
		116A1F49282A4ABC006B61C0 /* AppDelegate.swift in Sources */ = {isa = PBXBuildFile; fileRef = 116A1F48282A4ABC006B61C0 /* AppDelegate.swift */; };
		116A1F4B282A4ABC006B61C0 /* SceneDelegate.swift in Sources */ = {isa = PBXBuildFile; fileRef = 116A1F4A282A4ABC006B61C0 /* SceneDelegate.swift */; };
		116A1F4D282A4ABC006B61C0 /* ViewController.swift in Sources */ = {isa = PBXBuildFile; fileRef = 116A1F4C282A4ABC006B61C0 /* ViewController.swift */; };
		116A1F50282A4ABC006B61C0 /* Main.storyboard in Resources */ = {isa = PBXBuildFile; fileRef = 116A1F4E282A4ABC006B61C0 /* Main.storyboard */; };
		116A1F52282A4ABD006B61C0 /* Assets.xcassets in Resources */ = {isa = PBXBuildFile; fileRef = 116A1F51282A4ABD006B61C0 /* Assets.xcassets */; };
		116A1F55282A4ABD006B61C0 /* LaunchScreen.storyboard in Resources */ = {isa = PBXBuildFile; fileRef = 116A1F53282A4ABD006B61C0 /* LaunchScreen.storyboard */; };
		11C816E428350504007690B1 /* TableViewCell.swift in Sources */ = {isa = PBXBuildFile; fileRef = 11C816E328350504007690B1 /* TableViewCell.swift */; };
		D84DD77176B58171B6CD2AA3 /* Pods_scrollchartview.framework in Frameworks */ = {isa = PBXBuildFile; fileRef = 1D416D3CC3447AF58DE96868 /* Pods_scrollchartview.framework */; };
/* End PBXBuildFile section */

/* Begin PBXFileReference section */
		111191E42831394B006A30B5 /* PieViewController.swift */ = {isa = PBXFileReference; lastKnownFileType = sourcecode.swift; path = PieViewController.swift; sourceTree = "<group>"; };
		116A1F45282A4ABC006B61C0 /* scrollchartview.app */ = {isa = PBXFileReference; explicitFileType = wrapper.application; includeInIndex = 0; path = scrollchartview.app; sourceTree = BUILT_PRODUCTS_DIR; };
		116A1F48282A4ABC006B61C0 /* AppDelegate.swift */ = {isa = PBXFileReference; lastKnownFileType = sourcecode.swift; path = AppDelegate.swift; sourceTree = "<group>"; };
		116A1F4A282A4ABC006B61C0 /* SceneDelegate.swift */ = {isa = PBXFileReference; lastKnownFileType = sourcecode.swift; path = SceneDelegate.swift; sourceTree = "<group>"; };
		116A1F4C282A4ABC006B61C0 /* ViewController.swift */ = {isa = PBXFileReference; lastKnownFileType = sourcecode.swift; path = ViewController.swift; sourceTree = "<group>"; };
		116A1F4F282A4ABC006B61C0 /* Base */ = {isa = PBXFileReference; lastKnownFileType = file.storyboard; name = Base; path = Base.lproj/Main.storyboard; sourceTree = "<group>"; };
		116A1F51282A4ABD006B61C0 /* Assets.xcassets */ = {isa = PBXFileReference; lastKnownFileType = folder.assetcatalog; path = Assets.xcassets; sourceTree = "<group>"; };
		116A1F54282A4ABD006B61C0 /* Base */ = {isa = PBXFileReference; lastKnownFileType = file.storyboard; name = Base; path = Base.lproj/LaunchScreen.storyboard; sourceTree = "<group>"; };
		116A1F56282A4ABD006B61C0 /* Info.plist */ = {isa = PBXFileReference; lastKnownFileType = text.plist.xml; path = Info.plist; sourceTree = "<group>"; };
		11C816E328350504007690B1 /* TableViewCell.swift */ = {isa = PBXFileReference; lastKnownFileType = sourcecode.swift; path = TableViewCell.swift; sourceTree = "<group>"; };
		1D416D3CC3447AF58DE96868 /* Pods_scrollchartview.framework */ = {isa = PBXFileReference; explicitFileType = wrapper.framework; includeInIndex = 0; path = Pods_scrollchartview.framework; sourceTree = BUILT_PRODUCTS_DIR; };
		4818A578D7CDBCE429787161 /* Pods-scrollchartview.debug.xcconfig */ = {isa = PBXFileReference; includeInIndex = 1; lastKnownFileType = text.xcconfig; name = "Pods-scrollchartview.debug.xcconfig"; path = "Target Support Files/Pods-scrollchartview/Pods-scrollchartview.debug.xcconfig"; sourceTree = "<group>"; };
		CF53CF6FD7F7E13313953F18 /* Pods-scrollchartview.release.xcconfig */ = {isa = PBXFileReference; includeInIndex = 1; lastKnownFileType = text.xcconfig; name = "Pods-scrollchartview.release.xcconfig"; path = "Target Support Files/Pods-scrollchartview/Pods-scrollchartview.release.xcconfig"; sourceTree = "<group>"; };
/* End PBXFileReference section */

/* Begin PBXFrameworksBuildPhase section */
		116A1F42282A4ABC006B61C0 /* Frameworks */ = {
			isa = PBXFrameworksBuildPhase;
			buildActionMask = 2147483647;
			files = (
				D84DD77176B58171B6CD2AA3 /* Pods_scrollchartview.framework in Frameworks */,
			);
			runOnlyForDeploymentPostprocessing = 0;
		};
/* End PBXFrameworksBuildPhase section */

/* Begin PBXGroup section */
		116A1F3C282A4ABC006B61C0 = {
			isa = PBXGroup;
			children = (
				116A1F47282A4ABC006B61C0 /* scrollchartview */,
				116A1F46282A4ABC006B61C0 /* Products */,
				A44FDB69D2C795C065A0BBF3 /* Pods */,
				4CD472D43156413743F8299D /* Frameworks */,
			);
			sourceTree = "<group>";
		};
		116A1F46282A4ABC006B61C0 /* Products */ = {
			isa = PBXGroup;
			children = (
				116A1F45282A4ABC006B61C0 /* scrollchartview.app */,
			);
			name = Products;
			sourceTree = "<group>";
		};
		116A1F47282A4ABC006B61C0 /* scrollchartview */ = {
			isa = PBXGroup;
			children = (
				11C816E328350504007690B1 /* TableViewCell.swift */,
				116A1F48282A4ABC006B61C0 /* AppDelegate.swift */,
				116A1F4A282A4ABC006B61C0 /* SceneDelegate.swift */,
				116A1F4C282A4ABC006B61C0 /* ViewController.swift */,
				111191E42831394B006A30B5 /* PieViewController.swift */,
				116A1F4E282A4ABC006B61C0 /* Main.storyboard */,
				116A1F51282A4ABD006B61C0 /* Assets.xcassets */,
				116A1F53282A4ABD006B61C0 /* LaunchScreen.storyboard */,
				116A1F56282A4ABD006B61C0 /* Info.plist */,
			);
			path = scrollchartview;
			sourceTree = "<group>";
		};
		4CD472D43156413743F8299D /* Frameworks */ = {
			isa = PBXGroup;
			children = (
				1D416D3CC3447AF58DE96868 /* Pods_scrollchartview.framework */,
			);
			name = Frameworks;
			sourceTree = "<group>";
		};
		A44FDB69D2C795C065A0BBF3 /* Pods */ = {
			isa = PBXGroup;
			children = (
				4818A578D7CDBCE429787161 /* Pods-scrollchartview.debug.xcconfig */,
				CF53CF6FD7F7E13313953F18 /* Pods-scrollchartview.release.xcconfig */,
			);
			path = Pods;
			sourceTree = "<group>";
		};
/* End PBXGroup section */

/* Begin PBXNativeTarget section */
		116A1F44282A4ABC006B61C0 /* scrollchartview */ = {
			isa = PBXNativeTarget;
			buildConfigurationList = 116A1F59282A4ABD006B61C0 /* Build configuration list for PBXNativeTarget "scrollchartview" */;
			buildPhases = (
				2DAD25A79E1FBD407B866F86 /* [CP] Check Pods Manifest.lock */,
				116A1F41282A4ABC006B61C0 /* Sources */,
				116A1F42282A4ABC006B61C0 /* Frameworks */,
				116A1F43282A4ABC006B61C0 /* Resources */,
				EFB9C7CDD20269B5876FCE9F /* [CP] Embed Pods Frameworks */,
			);
			buildRules = (
			);
			dependencies = (
			);
			name = scrollchartview;
			packageProductDependencies = (
			);
			productName = scrollchartview;
			productReference = 116A1F45282A4ABC006B61C0 /* scrollchartview.app */;
			productType = "com.apple.product-type.application";
		};
/* End PBXNativeTarget section */

/* Begin PBXProject section */
		116A1F3D282A4ABC006B61C0 /* Project object */ = {
			isa = PBXProject;
			attributes = {
				BuildIndependentTargetsInParallel = 1;
				LastSwiftUpdateCheck = 1330;
				LastUpgradeCheck = 1330;
				TargetAttributes = {
					116A1F44282A4ABC006B61C0 = {
						CreatedOnToolsVersion = 13.3.1;
					};
				};
			};
			buildConfigurationList = 116A1F40282A4ABC006B61C0 /* Build configuration list for PBXProject "scrollchartview" */;
			compatibilityVersion = "Xcode 13.0";
			developmentRegion = en;
			hasScannedForEncodings = 0;
			knownRegions = (
				en,
				Base,
			);
			mainGroup = 116A1F3C282A4ABC006B61C0;
			packageReferences = (
			);
			productRefGroup = 116A1F46282A4ABC006B61C0 /* Products */;
			projectDirPath = "";
			projectRoot = "";
			targets = (
				116A1F44282A4ABC006B61C0 /* scrollchartview */,
			);
		};
/* End PBXProject section */

/* Begin PBXResourcesBuildPhase section */
		116A1F43282A4ABC006B61C0 /* Resources */ = {
			isa = PBXResourcesBuildPhase;
			buildActionMask = 2147483647;
			files = (
				116A1F55282A4ABD006B61C0 /* LaunchScreen.storyboard in Resources */,
				116A1F52282A4ABD006B61C0 /* Assets.xcassets in Resources */,
				116A1F50282A4ABC006B61C0 /* Main.storyboard in Resources */,
			);
			runOnlyForDeploymentPostprocessing = 0;
		};
/* End PBXResourcesBuildPhase section */

/* Begin PBXShellScriptBuildPhase section */
		2DAD25A79E1FBD407B866F86 /* [CP] Check Pods Manifest.lock */ = {
			isa = PBXShellScriptBuildPhase;
			buildActionMask = 2147483647;
			files = (
			);
			inputFileListPaths = (
			);
			inputPaths = (
				"${PODS_PODFILE_DIR_PATH}/Podfile.lock",
				"${PODS_ROOT}/Manifest.lock",
			);
			name = "[CP] Check Pods Manifest.lock";
			outputFileListPaths = (
			);
			outputPaths = (
				"$(DERIVED_FILE_DIR)/Pods-scrollchartview-checkManifestLockResult.txt",
			);
			runOnlyForDeploymentPostprocessing = 0;
			shellPath = /bin/sh;
			shellScript = "diff \"${PODS_PODFILE_DIR_PATH}/Podfile.lock\" \"${PODS_ROOT}/Manifest.lock\" > /dev/null\nif [ $? != 0 ] ; then\n    # print error to STDERR\n    echo \"error: The sandbox is not in sync with the Podfile.lock. Run 'pod install' or update your CocoaPods installation.\" >&2\n    exit 1\nfi\n# This output is used by Xcode 'outputs' to avoid re-running this script phase.\necho \"SUCCESS\" > \"${SCRIPT_OUTPUT_FILE_0}\"\n";
			showEnvVarsInLog = 0;
		};
		EFB9C7CDD20269B5876FCE9F /* [CP] Embed Pods Frameworks */ = {
			isa = PBXShellScriptBuildPhase;
			buildActionMask = 2147483647;
			files = (
			);
			inputFileListPaths = (
				"${PODS_ROOT}/Target Support Files/Pods-scrollchartview/Pods-scrollchartview-frameworks-${CONFIGURATION}-input-files.xcfilelist",
			);
			name = "[CP] Embed Pods Frameworks";
			outputFileListPaths = (
				"${PODS_ROOT}/Target Support Files/Pods-scrollchartview/Pods-scrollchartview-frameworks-${CONFIGURATION}-output-files.xcfilelist",
			);
			runOnlyForDeploymentPostprocessing = 0;
			shellPath = /bin/sh;
			shellScript = "\"${PODS_ROOT}/Target Support Files/Pods-scrollchartview/Pods-scrollchartview-frameworks.sh\"\n";
			showEnvVarsInLog = 0;
		};
/* End PBXShellScriptBuildPhase section */

/* Begin PBXSourcesBuildPhase section */
		116A1F41282A4ABC006B61C0 /* Sources */ = {
			isa = PBXSourcesBuildPhase;
			buildActionMask = 2147483647;
			files = (
				11C816E428350504007690B1 /* TableViewCell.swift in Sources */,
				116A1F4D282A4ABC006B61C0 /* ViewController.swift in Sources */,
				116A1F49282A4ABC006B61C0 /* AppDelegate.swift in Sources */,
				111191E52831394B006A30B5 /* PieViewController.swift in Sources */,
				116A1F4B282A4ABC006B61C0 /* SceneDelegate.swift in Sources */,
			);
			runOnlyForDeploymentPostprocessing = 0;
		};
/* End PBXSourcesBuildPhase section */

/* Begin PBXVariantGroup section */
		116A1F4E282A4ABC006B61C0 /* Main.storyboard */ = {
			isa = PBXVariantGroup;
			children = (
				116A1F4F282A4ABC006B61C0 /* Base */,
			);
			name = Main.storyboard;
			sourceTree = "<group>";
		};
		116A1F53282A4ABD006B61C0 /* LaunchScreen.storyboard */ = {
			isa = PBXVariantGroup;
			children = (
				116A1F54282A4ABD006B61C0 /* Base */,
			);
			name = LaunchScreen.storyboard;
			sourceTree = "<group>";
		};
/* End PBXVariantGroup section */

/* Begin XCBuildConfiguration section */
		116A1F57282A4ABD006B61C0 /* Debug */ = {
			isa = XCBuildConfiguration;
			buildSettings = {
				ALWAYS_SEARCH_USER_PATHS = NO;
				CLANG_ANALYZER_NONNULL = YES;
				CLANG_ANALYZER_NUMBER_OBJECT_CONVERSION = YES_AGGRESSIVE;
				CLANG_CXX_LANGUAGE_STANDARD = "gnu++17";
				CLANG_ENABLE_MODULES = YES;
				CLANG_ENABLE_OBJC_ARC = YES;
				CLANG_ENABLE_OBJC_WEAK = YES;
				CLANG_WARN_BLOCK_CAPTURE_AUTORELEASING = YES;
				CLANG_WARN_BOOL_CONVERSION = YES;
				CLANG_WARN_COMMA = YES;
				CLANG_WARN_CONSTANT_CONVERSION = YES;
				CLANG_WARN_DEPRECATED_OBJC_IMPLEMENTATIONS = YES;
				CLANG_WARN_DIRECT_OBJC_ISA_USAGE = YES_ERROR;
				CLANG_WARN_DOCUMENTATION_COMMENTS = YES;
				CLANG_WARN_EMPTY_BODY = YES;
				CLANG_WARN_ENUM_CONVERSION = YES;
				CLANG_WARN_INFINITE_RECURSION = YES;
				CLANG_WARN_INT_CONVERSION = YES;
				CLANG_WARN_NON_LITERAL_NULL_CONVERSION = YES;
				CLANG_WARN_OBJC_IMPLICIT_RETAIN_SELF = YES;
				CLANG_WARN_OBJC_LITERAL_CONVERSION = YES;
				CLANG_WARN_OBJC_ROOT_CLASS = YES_ERROR;
				CLANG_WARN_QUOTED_INCLUDE_IN_FRAMEWORK_HEADER = YES;
				CLANG_WARN_RANGE_LOOP_ANALYSIS = YES;
				CLANG_WARN_STRICT_PROTOTYPES = YES;
				CLANG_WARN_SUSPICIOUS_MOVE = YES;
				CLANG_WARN_UNGUARDED_AVAILABILITY = YES_AGGRESSIVE;
				CLANG_WARN_UNREACHABLE_CODE = YES;
				CLANG_WARN__DUPLICATE_METHOD_MATCH = YES;
				COPY_PHASE_STRIP = NO;
				DEBUG_INFORMATION_FORMAT = dwarf;
				ENABLE_STRICT_OBJC_MSGSEND = YES;
				ENABLE_TESTABILITY = YES;
				GCC_C_LANGUAGE_STANDARD = gnu11;
				GCC_DYNAMIC_NO_PIC = NO;
				GCC_NO_COMMON_BLOCKS = YES;
				GCC_OPTIMIZATION_LEVEL = 0;
				GCC_PREPROCESSOR_DEFINITIONS = (
					"DEBUG=1",
					"$(inherited)",
				);
				GCC_WARN_64_TO_32_BIT_CONVERSION = YES;
				GCC_WARN_ABOUT_RETURN_TYPE = YES_ERROR;
				GCC_WARN_UNDECLARED_SELECTOR = YES;
				GCC_WARN_UNINITIALIZED_AUTOS = YES_AGGRESSIVE;
				GCC_WARN_UNUSED_FUNCTION = YES;
				GCC_WARN_UNUSED_VARIABLE = YES;
				IPHONEOS_DEPLOYMENT_TARGET = 15.4;
				MTL_ENABLE_DEBUG_INFO = INCLUDE_SOURCE;
				MTL_FAST_MATH = YES;
				ONLY_ACTIVE_ARCH = YES;
				SDKROOT = iphoneos;
				SWIFT_ACTIVE_COMPILATION_CONDITIONS = DEBUG;
				SWIFT_OPTIMIZATION_LEVEL = "-Onone";
			};
			name = Debug;
		};
		116A1F58282A4ABD006B61C0 /* Release */ = {
			isa = XCBuildConfiguration;
			buildSettings = {
				ALWAYS_SEARCH_USER_PATHS = NO;
				CLANG_ANALYZER_NONNULL = YES;
				CLANG_ANALYZER_NUMBER_OBJECT_CONVERSION = YES_AGGRESSIVE;
				CLANG_CXX_LANGUAGE_STANDARD = "gnu++17";
				CLANG_ENABLE_MODULES = YES;
				CLANG_ENABLE_OBJC_ARC = YES;
				CLANG_ENABLE_OBJC_WEAK = YES;
				CLANG_WARN_BLOCK_CAPTURE_AUTORELEASING = YES;
				CLANG_WARN_BOOL_CONVERSION = YES;
				CLANG_WARN_COMMA = YES;
				CLANG_WARN_CONSTANT_CONVERSION = YES;
				CLANG_WARN_DEPRECATED_OBJC_IMPLEMENTATIONS = YES;
				CLANG_WARN_DIRECT_OBJC_ISA_USAGE = YES_ERROR;
				CLANG_WARN_DOCUMENTATION_COMMENTS = YES;
				CLANG_WARN_EMPTY_BODY = YES;
				CLANG_WARN_ENUM_CONVERSION = YES;
				CLANG_WARN_INFINITE_RECURSION = YES;
				CLANG_WARN_INT_CONVERSION = YES;
				CLANG_WARN_NON_LITERAL_NULL_CONVERSION = YES;
				CLANG_WARN_OBJC_IMPLICIT_RETAIN_SELF = YES;
				CLANG_WARN_OBJC_LITERAL_CONVERSION = YES;
				CLANG_WARN_OBJC_ROOT_CLASS = YES_ERROR;
				CLANG_WARN_QUOTED_INCLUDE_IN_FRAMEWORK_HEADER = YES;
				CLANG_WARN_RANGE_LOOP_ANALYSIS = YES;
				CLANG_WARN_STRICT_PROTOTYPES = YES;
				CLANG_WARN_SUSPICIOUS_MOVE = YES;
				CLANG_WARN_UNGUARDED_AVAILABILITY = YES_AGGRESSIVE;
				CLANG_WARN_UNREACHABLE_CODE = YES;
				CLANG_WARN__DUPLICATE_METHOD_MATCH = YES;
				COPY_PHASE_STRIP = NO;
				DEBUG_INFORMATION_FORMAT = "dwarf-with-dsym";
				ENABLE_NS_ASSERTIONS = NO;
				ENABLE_STRICT_OBJC_MSGSEND = YES;
				GCC_C_LANGUAGE_STANDARD = gnu11;
				GCC_NO_COMMON_BLOCKS = YES;
				GCC_WARN_64_TO_32_BIT_CONVERSION = YES;
				GCC_WARN_ABOUT_RETURN_TYPE = YES_ERROR;
				GCC_WARN_UNDECLARED_SELECTOR = YES;
				GCC_WARN_UNINITIALIZED_AUTOS = YES_AGGRESSIVE;
				GCC_WARN_UNUSED_FUNCTION = YES;
				GCC_WARN_UNUSED_VARIABLE = YES;
				IPHONEOS_DEPLOYMENT_TARGET = 15.4;
				MTL_ENABLE_DEBUG_INFO = NO;
				MTL_FAST_MATH = YES;
				SDKROOT = iphoneos;
				SWIFT_COMPILATION_MODE = wholemodule;
				SWIFT_OPTIMIZATION_LEVEL = "-O";
				VALIDATE_PRODUCT = YES;
			};
			name = Release;
		};
		116A1F5A282A4ABD006B61C0 /* Debug */ = {
			isa = XCBuildConfiguration;
			baseConfigurationReference = 4818A578D7CDBCE429787161 /* Pods-scrollchartview.debug.xcconfig */;
			buildSettings = {
				ASSETCATALOG_COMPILER_APPICON_NAME = AppIcon;
				ASSETCATALOG_COMPILER_GLOBAL_ACCENT_COLOR_NAME = AccentColor;
				CODE_SIGN_STYLE = Automatic;
				CURRENT_PROJECT_VERSION = 1;
				GENERATE_INFOPLIST_FILE = YES;
				INFOPLIST_FILE = scrollchartview/Info.plist;
				INFOPLIST_KEY_UIApplicationSupportsIndirectInputEvents = YES;
				INFOPLIST_KEY_UILaunchStoryboardName = LaunchScreen;
				INFOPLIST_KEY_UIMainStoryboardFile = Main;
				INFOPLIST_KEY_UISupportedInterfaceOrientations = "UIInterfaceOrientationPortrait UIInterfaceOrientationLandscapeLeft UIInterfaceOrientationLandscapeRight";
				INFOPLIST_KEY_UISupportedInterfaceOrientations_iPad = "UIInterfaceOrientationPortrait UIInterfaceOrientationPortraitUpsideDown UIInterfaceOrientationLandscapeLeft UIInterfaceOrientationLandscapeRight";
				INFOPLIST_KEY_UISupportedInterfaceOrientations_iPhone = "UIInterfaceOrientationPortrait UIInterfaceOrientationLandscapeLeft UIInterfaceOrientationLandscapeRight";
				LD_RUNPATH_SEARCH_PATHS = (
					"$(inherited)",
					"@executable_path/Frameworks",
				);
				MARKETING_VERSION = 1.0;
				PRODUCT_BUNDLE_IDENTIFIER = soo.scrollchartview;
				PRODUCT_NAME = "$(TARGET_NAME)";
				SWIFT_EMIT_LOC_STRINGS = YES;
				SWIFT_VERSION = 5.0;
				TARGETED_DEVICE_FAMILY = "1,2";
			};
			name = Debug;
		};
		116A1F5B282A4ABD006B61C0 /* Release */ = {
			isa = XCBuildConfiguration;
			baseConfigurationReference = CF53CF6FD7F7E13313953F18 /* Pods-scrollchartview.release.xcconfig */;
			buildSettings = {
				ASSETCATALOG_COMPILER_APPICON_NAME = AppIcon;
				ASSETCATALOG_COMPILER_GLOBAL_ACCENT_COLOR_NAME = AccentColor;
				CODE_SIGN_STYLE = Automatic;
				CURRENT_PROJECT_VERSION = 1;
				GENERATE_INFOPLIST_FILE = YES;
				INFOPLIST_FILE = scrollchartview/Info.plist;
				INFOPLIST_KEY_UIApplicationSupportsIndirectInputEvents = YES;
				INFOPLIST_KEY_UILaunchStoryboardName = LaunchScreen;
				INFOPLIST_KEY_UIMainStoryboardFile = Main;
				INFOPLIST_KEY_UISupportedInterfaceOrientations = "UIInterfaceOrientationPortrait UIInterfaceOrientationLandscapeLeft UIInterfaceOrientationLandscapeRight";
				INFOPLIST_KEY_UISupportedInterfaceOrientations_iPad = "UIInterfaceOrientationPortrait UIInterfaceOrientationPortraitUpsideDown UIInterfaceOrientationLandscapeLeft UIInterfaceOrientationLandscapeRight";
				INFOPLIST_KEY_UISupportedInterfaceOrientations_iPhone = "UIInterfaceOrientationPortrait UIInterfaceOrientationLandscapeLeft UIInterfaceOrientationLandscapeRight";
				LD_RUNPATH_SEARCH_PATHS = (
					"$(inherited)",
					"@executable_path/Frameworks",
				);
				MARKETING_VERSION = 1.0;
				PRODUCT_BUNDLE_IDENTIFIER = soo.scrollchartview;
				PRODUCT_NAME = "$(TARGET_NAME)";
				SWIFT_EMIT_LOC_STRINGS = YES;
				SWIFT_VERSION = 5.0;
				TARGETED_DEVICE_FAMILY = "1,2";
			};
			name = Release;
		};
/* End XCBuildConfiguration section */

/* Begin XCConfigurationList section */
		116A1F40282A4ABC006B61C0 /* Build configuration list for PBXProject "scrollchartview" */ = {
			isa = XCConfigurationList;
			buildConfigurations = (
				116A1F57282A4ABD006B61C0 /* Debug */,
				116A1F58282A4ABD006B61C0 /* Release */,
			);
			defaultConfigurationIsVisible = 0;
			defaultConfigurationName = Release;
		};
		116A1F59282A4ABD006B61C0 /* Build configuration list for PBXNativeTarget "scrollchartview" */ = {
			isa = XCConfigurationList;
			buildConfigurations = (
				116A1F5A282A4ABD006B61C0 /* Debug */,
				116A1F5B282A4ABD006B61C0 /* Release */,
			);
			defaultConfigurationIsVisible = 0;
			defaultConfigurationName = Release;
		};
/* End XCConfigurationList section */
	};
	rootObject = 116A1F3D282A4ABC006B61C0 /* Project object */;
}
